// !$*UTF8*$!
{
	archiveVersion = 1;
	classes = {
	};
	objectVersion = 50;
	objects = {

/* Begin PBXBuildFile section */
		E552E7A22595A04900BDEF5C /* NetworkManager.swift in Sources */ = {isa = PBXBuildFile; fileRef = E552E7A12595A04900BDEF5C /* NetworkManager.swift */; };
		E552E7A52595A12100BDEF5C /* APError.swift in Sources */ = {isa = PBXBuildFile; fileRef = E552E7A42595A12100BDEF5C /* APError.swift */; };
		E560AF1D259BBE8D00A0425D /* Alert.swift in Sources */ = {isa = PBXBuildFile; fileRef = E560AF1C259BBE8D00A0425D /* Alert.swift */; };
		E560AF20259BC29100A0425D /* LoadingView.swift in Sources */ = {isa = PBXBuildFile; fileRef = E560AF1F259BC29100A0425D /* LoadingView.swift */; };
		E560AF23259BC33300A0425D /* Color+Ext.swift in Sources */ = {isa = PBXBuildFile; fileRef = E560AF22259BC33300A0425D /* Color+Ext.swift */; };
		E571E50225A6EEDF00F44E5F /* Order.swift in Sources */ = {isa = PBXBuildFile; fileRef = E571E50125A6EEDF00F44E5F /* Order.swift */; };
		E585DCFC2596F16900CFE897 /* AppetizerListViewModel.swift in Sources */ = {isa = PBXBuildFile; fileRef = E585DCFB2596F16900CFE897 /* AppetizerListViewModel.swift */; };
		E5899D77259E54960084667F /* APButton.swift in Sources */ = {isa = PBXBuildFile; fileRef = E5899D76259E54960084667F /* APButton.swift */; };
		E5899D7A259E551F0084667F /* XDismissButton.swift in Sources */ = {isa = PBXBuildFile; fileRef = E5899D79259E551F0084667F /* XDismissButton.swift */; };
		E5961A67258B466D005BF1ED /* AppetizersApp.swift in Sources */ = {isa = PBXBuildFile; fileRef = E5961A66258B466D005BF1ED /* AppetizersApp.swift */; };
		E5961A69258B466D005BF1ED /* AppetizerTabView.swift in Sources */ = {isa = PBXBuildFile; fileRef = E5961A68258B466D005BF1ED /* AppetizerTabView.swift */; };
		E5961A6B258B466E005BF1ED /* Assets.xcassets in Resources */ = {isa = PBXBuildFile; fileRef = E5961A6A258B466E005BF1ED /* Assets.xcassets */; };
		E5961A6E258B466E005BF1ED /* Preview Assets.xcassets in Resources */ = {isa = PBXBuildFile; fileRef = E5961A6D258B466E005BF1ED /* Preview Assets.xcassets */; };
		E5961A78258B46B2005BF1ED /* AppetizerListView.swift in Sources */ = {isa = PBXBuildFile; fileRef = E5961A77258B46B2005BF1ED /* AppetizerListView.swift */; };
		E5961A7B258B46B9005BF1ED /* AccountView.swift in Sources */ = {isa = PBXBuildFile; fileRef = E5961A7A258B46B9005BF1ED /* AccountView.swift */; };
		E5961A7E258B46C1005BF1ED /* OrderView.swift in Sources */ = {isa = PBXBuildFile; fileRef = E5961A7D258B46C1005BF1ED /* OrderView.swift */; };
		E5AE6F97259CFEDF00FDA6B9 /* RemoteImage.swift in Sources */ = {isa = PBXBuildFile; fileRef = E5AE6F96259CFEDF00FDA6B9 /* RemoteImage.swift */; };
		E5AE6FA8259D040900FDA6B9 /* AppetizerDetailView.swift in Sources */ = {isa = PBXBuildFile; fileRef = E5AE6FA7259D040900FDA6B9 /* AppetizerDetailView.swift */; };
		E5C71D2D2591D1130046713A /* Appetizer.swift in Sources */ = {isa = PBXBuildFile; fileRef = E5C71D2C2591D1130046713A /* Appetizer.swift */; };
		E5C71D302591D5970046713A /* AppetizerListCell.swift in Sources */ = {isa = PBXBuildFile; fileRef = E5C71D2F2591D5970046713A /* AppetizerListCell.swift */; };
		E5D1014E25A5A48800119760 /* EmptyState.swift in Sources */ = {isa = PBXBuildFile; fileRef = E5D1014D25A5A48800119760 /* EmptyState.swift */; };
		E5FD4EA925A4463300194B2F /* AccountViewModel.swift in Sources */ = {isa = PBXBuildFile; fileRef = E5FD4EA825A4463300194B2F /* AccountViewModel.swift */; };
		E5FD4EAD25A4477900194B2F /* String+Ext.swift in Sources */ = {isa = PBXBuildFile; fileRef = E5FD4EAC25A4477900194B2F /* String+Ext.swift */; };
		E5FD4EB025A44B0B00194B2F /* User.swift in Sources */ = {isa = PBXBuildFile; fileRef = E5FD4EAF25A44B0B00194B2F /* User.swift */; };
/* End PBXBuildFile section */

/* Begin PBXFileReference section */
		E552E7A12595A04900BDEF5C /* NetworkManager.swift */ = {isa = PBXFileReference; lastKnownFileType = sourcecode.swift; path = NetworkManager.swift; sourceTree = "<group>"; };
		E552E7A42595A12100BDEF5C /* APError.swift */ = {isa = PBXFileReference; lastKnownFileType = sourcecode.swift; path = APError.swift; sourceTree = "<group>"; };
		E560AF1C259BBE8D00A0425D /* Alert.swift */ = {isa = PBXFileReference; lastKnownFileType = sourcecode.swift; path = Alert.swift; sourceTree = "<group>"; };
		E560AF1F259BC29100A0425D /* LoadingView.swift */ = {isa = PBXFileReference; lastKnownFileType = sourcecode.swift; path = LoadingView.swift; sourceTree = "<group>"; };
		E560AF22259BC33300A0425D /* Color+Ext.swift */ = {isa = PBXFileReference; lastKnownFileType = sourcecode.swift; path = "Color+Ext.swift"; sourceTree = "<group>"; };
		E571E50125A6EEDF00F44E5F /* Order.swift */ = {isa = PBXFileReference; lastKnownFileType = sourcecode.swift; path = Order.swift; sourceTree = "<group>"; };
		E585DCFB2596F16900CFE897 /* AppetizerListViewModel.swift */ = {isa = PBXFileReference; lastKnownFileType = sourcecode.swift; path = AppetizerListViewModel.swift; sourceTree = "<group>"; };
		E5899D76259E54960084667F /* APButton.swift */ = {isa = PBXFileReference; lastKnownFileType = sourcecode.swift; path = APButton.swift; sourceTree = "<group>"; };
		E5899D79259E551F0084667F /* XDismissButton.swift */ = {isa = PBXFileReference; lastKnownFileType = sourcecode.swift; path = XDismissButton.swift; sourceTree = "<group>"; };
		E5961A63258B466D005BF1ED /* Appetizers.app */ = {isa = PBXFileReference; explicitFileType = wrapper.application; includeInIndex = 0; path = Appetizers.app; sourceTree = BUILT_PRODUCTS_DIR; };
		E5961A66258B466D005BF1ED /* AppetizersApp.swift */ = {isa = PBXFileReference; lastKnownFileType = sourcecode.swift; path = AppetizersApp.swift; sourceTree = "<group>"; };
		E5961A68258B466D005BF1ED /* AppetizerTabView.swift */ = {isa = PBXFileReference; lastKnownFileType = sourcecode.swift; path = AppetizerTabView.swift; sourceTree = "<group>"; };
		E5961A6A258B466E005BF1ED /* Assets.xcassets */ = {isa = PBXFileReference; lastKnownFileType = folder.assetcatalog; path = Assets.xcassets; sourceTree = "<group>"; };
		E5961A6D258B466E005BF1ED /* Preview Assets.xcassets */ = {isa = PBXFileReference; lastKnownFileType = folder.assetcatalog; path = "Preview Assets.xcassets"; sourceTree = "<group>"; };
		E5961A6F258B466E005BF1ED /* Info.plist */ = {isa = PBXFileReference; lastKnownFileType = text.plist.xml; path = Info.plist; sourceTree = "<group>"; };
		E5961A77258B46B2005BF1ED /* AppetizerListView.swift */ = {isa = PBXFileReference; lastKnownFileType = sourcecode.swift; path = AppetizerListView.swift; sourceTree = "<group>"; };
		E5961A7A258B46B9005BF1ED /* AccountView.swift */ = {isa = PBXFileReference; lastKnownFileType = sourcecode.swift; path = AccountView.swift; sourceTree = "<group>"; };
		E5961A7D258B46C1005BF1ED /* OrderView.swift */ = {isa = PBXFileReference; lastKnownFileType = sourcecode.swift; path = OrderView.swift; sourceTree = "<group>"; };
		E5AE6F96259CFEDF00FDA6B9 /* RemoteImage.swift */ = {isa = PBXFileReference; lastKnownFileType = sourcecode.swift; path = RemoteImage.swift; sourceTree = "<group>"; };
		E5AE6FA7259D040900FDA6B9 /* AppetizerDetailView.swift */ = {isa = PBXFileReference; lastKnownFileType = sourcecode.swift; path = AppetizerDetailView.swift; sourceTree = "<group>"; };
		E5C71D2C2591D1130046713A /* Appetizer.swift */ = {isa = PBXFileReference; lastKnownFileType = sourcecode.swift; path = Appetizer.swift; sourceTree = "<group>"; };
		E5C71D2F2591D5970046713A /* AppetizerListCell.swift */ = {isa = PBXFileReference; lastKnownFileType = sourcecode.swift; path = AppetizerListCell.swift; sourceTree = "<group>"; };
		E5D1014D25A5A48800119760 /* EmptyState.swift */ = {isa = PBXFileReference; lastKnownFileType = sourcecode.swift; path = EmptyState.swift; sourceTree = "<group>"; };
		E5FD4EA825A4463300194B2F /* AccountViewModel.swift */ = {isa = PBXFileReference; lastKnownFileType = sourcecode.swift; path = AccountViewModel.swift; sourceTree = "<group>"; };
		E5FD4EAC25A4477900194B2F /* String+Ext.swift */ = {isa = PBXFileReference; fileEncoding = 4; lastKnownFileType = sourcecode.swift; path = "String+Ext.swift"; sourceTree = "<group>"; };
		E5FD4EAF25A44B0B00194B2F /* User.swift */ = {isa = PBXFileReference; lastKnownFileType = sourcecode.swift; path = User.swift; sourceTree = "<group>"; };
/* End PBXFileReference section */

/* Begin PBXFrameworksBuildPhase section */
		E5961A60258B466D005BF1ED /* Frameworks */ = {
			isa = PBXFrameworksBuildPhase;
			buildActionMask = 2147483647;
			files = (
			);
			runOnlyForDeploymentPostprocessing = 0;
		};
/* End PBXFrameworksBuildPhase section */

/* Begin PBXGroup section */
		E5899D75259E54890084667F /* Buttons */ = {
			isa = PBXGroup;
			children = (
				E5899D76259E54960084667F /* APButton.swift */,
				E5899D79259E551F0084667F /* XDismissButton.swift */,
			);
			path = Buttons;
			sourceTree = "<group>";
		};
		E5961A5A258B466D005BF1ED = {
			isa = PBXGroup;
			children = (
				E5961A65258B466D005BF1ED /* Appetizers */,
				E5961A64258B466D005BF1ED /* Products */,
			);
			sourceTree = "<group>";
		};
		E5961A64258B466D005BF1ED /* Products */ = {
			isa = PBXGroup;
			children = (
				E5961A63258B466D005BF1ED /* Appetizers.app */,
			);
			name = Products;
			sourceTree = "<group>";
		};
		E5961A65258B466D005BF1ED /* Appetizers */ = {
			isa = PBXGroup;
			children = (
				E5AE6FA2259D02BC00FDA6B9 /* Views */,
				E5AE6FA1259D029700FDA6B9 /* Model */,
				E5AE6F9D259D024800FDA6B9 /* Utilities */,
				E5AE6F99259D01D700FDA6B9 /* Screens */,
				E5961A66258B466D005BF1ED /* AppetizersApp.swift */,
				E5961A6A258B466E005BF1ED /* Assets.xcassets */,
				E5961A6F258B466E005BF1ED /* Info.plist */,
				E5961A6C258B466E005BF1ED /* Preview Content */,
			);
			path = Appetizers;
			sourceTree = "<group>";
		};
		E5961A6C258B466E005BF1ED /* Preview Content */ = {
			isa = PBXGroup;
			children = (
				E5961A6D258B466E005BF1ED /* Preview Assets.xcassets */,
			);
			path = "Preview Content";
			sourceTree = "<group>";
		};
		E5AE6F99259D01D700FDA6B9 /* Screens */ = {
			isa = PBXGroup;
			children = (
				E5961A68258B466D005BF1ED /* AppetizerTabView.swift */,
				E5AE6F9A259D01E700FDA6B9 /* AppetizerListView */,
				E5AE6F9B259D01F200FDA6B9 /* AccountView */,
				E5AE6F9C259D01FA00FDA6B9 /* OrderView */,
			);
			path = Screens;
			sourceTree = "<group>";
		};
		E5AE6F9A259D01E700FDA6B9 /* AppetizerListView */ = {
			isa = PBXGroup;
			children = (
				E585DCFB2596F16900CFE897 /* AppetizerListViewModel.swift */,
				E5961A77258B46B2005BF1ED /* AppetizerListView.swift */,
				E5AE6FA7259D040900FDA6B9 /* AppetizerDetailView.swift */,
			);
			path = AppetizerListView;
			sourceTree = "<group>";
		};
		E5AE6F9B259D01F200FDA6B9 /* AccountView */ = {
			isa = PBXGroup;
			children = (
				E5FD4EA825A4463300194B2F /* AccountViewModel.swift */,
				E5961A7A258B46B9005BF1ED /* AccountView.swift */,
			);
			path = AccountView;
			sourceTree = "<group>";
		};
		E5AE6F9C259D01FA00FDA6B9 /* OrderView */ = {
			isa = PBXGroup;
			children = (
				E5961A7D258B46C1005BF1ED /* OrderView.swift */,
			);
			path = OrderView;
			sourceTree = "<group>";
		};
		E5AE6F9D259D024800FDA6B9 /* Utilities */ = {
			isa = PBXGroup;
			children = (
				E5AE6FA0259D027D00FDA6B9 /* Alerts */,
				E5AE6F9F259D025B00FDA6B9 /* Extensions */,
				E5AE6F9E259D025400FDA6B9 /* Managers */,
			);
			path = Utilities;
			sourceTree = "<group>";
		};
		E5AE6F9E259D025400FDA6B9 /* Managers */ = {
			isa = PBXGroup;
			children = (
				E552E7A12595A04900BDEF5C /* NetworkManager.swift */,
			);
			path = Managers;
			sourceTree = "<group>";
		};
		E5AE6F9F259D025B00FDA6B9 /* Extensions */ = {
			isa = PBXGroup;
			children = (
				E560AF22259BC33300A0425D /* Color+Ext.swift */,
				E5FD4EAC25A4477900194B2F /* String+Ext.swift */,
			);
			path = Extensions;
			sourceTree = "<group>";
		};
		E5AE6FA0259D027D00FDA6B9 /* Alerts */ = {
			isa = PBXGroup;
			children = (
				E552E7A42595A12100BDEF5C /* APError.swift */,
				E560AF1C259BBE8D00A0425D /* Alert.swift */,
			);
			path = Alerts;
			sourceTree = "<group>";
		};
		E5AE6FA1259D029700FDA6B9 /* Model */ = {
			isa = PBXGroup;
			children = (
				E5C71D2C2591D1130046713A /* Appetizer.swift */,
				E5FD4EAF25A44B0B00194B2F /* User.swift */,
				E571E50125A6EEDF00F44E5F /* Order.swift */,
			);
			path = Model;
			sourceTree = "<group>";
		};
		E5AE6FA2259D02BC00FDA6B9 /* Views */ = {
			isa = PBXGroup;
			children = (
				E5899D75259E54890084667F /* Buttons */,
				E5D1014C25A5A47900119760 /* Empty States */,
				E5AE6FA5259D02D200FDA6B9 /* Image */,
				E5AE6FA4259D02CC00FDA6B9 /* Cells */,
				E5AE6FA3259D02C300FDA6B9 /* UIKit Components */,
			);
			path = Views;
			sourceTree = "<group>";
		};
		E5AE6FA3259D02C300FDA6B9 /* UIKit Components */ = {
			isa = PBXGroup;
			children = (
				E560AF1F259BC29100A0425D /* LoadingView.swift */,
			);
			path = "UIKit Components";
			sourceTree = "<group>";
		};
		E5AE6FA4259D02CC00FDA6B9 /* Cells */ = {
			isa = PBXGroup;
			children = (
				E5C71D2F2591D5970046713A /* AppetizerListCell.swift */,
			);
			path = Cells;
			sourceTree = "<group>";
		};
		E5AE6FA5259D02D200FDA6B9 /* Image */ = {
			isa = PBXGroup;
			children = (
				E5AE6F96259CFEDF00FDA6B9 /* RemoteImage.swift */,
			);
			path = Image;
			sourceTree = "<group>";
		};
		E5D1014C25A5A47900119760 /* Empty States */ = {
			isa = PBXGroup;
			children = (
				E5D1014D25A5A48800119760 /* EmptyState.swift */,
			);
			path = "Empty States";
			sourceTree = "<group>";
		};
/* End PBXGroup section */

/* Begin PBXNativeTarget section */
		E5961A62258B466D005BF1ED /* Appetizers */ = {
			isa = PBXNativeTarget;
			buildConfigurationList = E5961A72258B466E005BF1ED /* Build configuration list for PBXNativeTarget "Appetizers" */;
			buildPhases = (
				E5961A5F258B466D005BF1ED /* Sources */,
				E5961A60258B466D005BF1ED /* Frameworks */,
				E5961A61258B466D005BF1ED /* Resources */,
			);
			buildRules = (
			);
			dependencies = (
			);
			name = Appetizers;
			productName = Appetizers;
			productReference = E5961A63258B466D005BF1ED /* Appetizers.app */;
			productType = "com.apple.product-type.application";
		};
/* End PBXNativeTarget section */

/* Begin PBXProject section */
		E5961A5B258B466D005BF1ED /* Project object */ = {
			isa = PBXProject;
			attributes = {
				LastSwiftUpdateCheck = 1230;
				LastUpgradeCheck = 1230;
				TargetAttributes = {
					E5961A62258B466D005BF1ED = {
						CreatedOnToolsVersion = 12.3;
					};
				};
			};
			buildConfigurationList = E5961A5E258B466D005BF1ED /* Build configuration list for PBXProject "Appetizers" */;
			compatibilityVersion = "Xcode 9.3";
			developmentRegion = en;
			hasScannedForEncodings = 0;
			knownRegions = (
				en,
				Base,
			);
			mainGroup = E5961A5A258B466D005BF1ED;
			productRefGroup = E5961A64258B466D005BF1ED /* Products */;
			projectDirPath = "";
			projectRoot = "";
			targets = (
				E5961A62258B466D005BF1ED /* Appetizers */,
			);
		};
/* End PBXProject section */

/* Begin PBXResourcesBuildPhase section */
		E5961A61258B466D005BF1ED /* Resources */ = {
			isa = PBXResourcesBuildPhase;
			buildActionMask = 2147483647;
			files = (
				E5961A6E258B466E005BF1ED /* Preview Assets.xcassets in Resources */,
				E5961A6B258B466E005BF1ED /* Assets.xcassets in Resources */,
			);
			runOnlyForDeploymentPostprocessing = 0;
		};
/* End PBXResourcesBuildPhase section */

/* Begin PBXSourcesBuildPhase section */
		E5961A5F258B466D005BF1ED /* Sources */ = {
			isa = PBXSourcesBuildPhase;
			buildActionMask = 2147483647;
			files = (
				E5C71D2D2591D1130046713A /* Appetizer.swift in Sources */,
				E552E7A52595A12100BDEF5C /* APError.swift in Sources */,
				E5899D7A259E551F0084667F /* XDismissButton.swift in Sources */,
				E5C71D302591D5970046713A /* AppetizerListCell.swift in Sources */,
				E571E50225A6EEDF00F44E5F /* Order.swift in Sources */,
				E5FD4EA925A4463300194B2F /* AccountViewModel.swift in Sources */,
				E585DCFC2596F16900CFE897 /* AppetizerListViewModel.swift in Sources */,
				E560AF23259BC33300A0425D /* Color+Ext.swift in Sources */,
				E5961A7B258B46B9005BF1ED /* AccountView.swift in Sources */,
				E5FD4EB025A44B0B00194B2F /* User.swift in Sources */,
				E5899D77259E54960084667F /* APButton.swift in Sources */,
				E560AF20259BC29100A0425D /* LoadingView.swift in Sources */,
				E5961A69258B466D005BF1ED /* AppetizerTabView.swift in Sources */,
				E552E7A22595A04900BDEF5C /* NetworkManager.swift in Sources */,
				E5AE6F97259CFEDF00FDA6B9 /* RemoteImage.swift in Sources */,
				E5FD4EAD25A4477900194B2F /* String+Ext.swift in Sources */,
				E5D1014E25A5A48800119760 /* EmptyState.swift in Sources */,
				E5AE6FA8259D040900FDA6B9 /* AppetizerDetailView.swift in Sources */,
				E5961A67258B466D005BF1ED /* AppetizersApp.swift in Sources */,
				E560AF1D259BBE8D00A0425D /* Alert.swift in Sources */,
				E5961A78258B46B2005BF1ED /* AppetizerListView.swift in Sources */,
				E5961A7E258B46C1005BF1ED /* OrderView.swift in Sources */,
			);
			runOnlyForDeploymentPostprocessing = 0;
		};
/* End PBXSourcesBuildPhase section */

/* Begin XCBuildConfiguration section */
		E5961A70258B466E005BF1ED /* Debug */ = {
			isa = XCBuildConfiguration;
			buildSettings = {
				ALWAYS_SEARCH_USER_PATHS = NO;
				CLANG_ANALYZER_NONNULL = YES;
				CLANG_ANALYZER_NUMBER_OBJECT_CONVERSION = YES_AGGRESSIVE;
				CLANG_CXX_LANGUAGE_STANDARD = "gnu++14";
				CLANG_CXX_LIBRARY = "libc++";
				CLANG_ENABLE_MODULES = YES;
				CLANG_ENABLE_OBJC_ARC = YES;
				CLANG_ENABLE_OBJC_WEAK = YES;
				CLANG_WARN_BLOCK_CAPTURE_AUTORELEASING = YES;
				CLANG_WARN_BOOL_CONVERSION = YES;
				CLANG_WARN_COMMA = YES;
				CLANG_WARN_CONSTANT_CONVERSION = YES;
				CLANG_WARN_DEPRECATED_OBJC_IMPLEMENTATIONS = YES;
				CLANG_WARN_DIRECT_OBJC_ISA_USAGE = YES_ERROR;
				CLANG_WARN_DOCUMENTATION_COMMENTS = YES;
				CLANG_WARN_EMPTY_BODY = YES;
				CLANG_WARN_ENUM_CONVERSION = YES;
				CLANG_WARN_INFINITE_RECURSION = YES;
				CLANG_WARN_INT_CONVERSION = YES;
				CLANG_WARN_NON_LITERAL_NULL_CONVERSION = YES;
				CLANG_WARN_OBJC_IMPLICIT_RETAIN_SELF = YES;
				CLANG_WARN_OBJC_LITERAL_CONVERSION = YES;
				CLANG_WARN_OBJC_ROOT_CLASS = YES_ERROR;
				CLANG_WARN_QUOTED_INCLUDE_IN_FRAMEWORK_HEADER = YES;
				CLANG_WARN_RANGE_LOOP_ANALYSIS = YES;
				CLANG_WARN_STRICT_PROTOTYPES = YES;
				CLANG_WARN_SUSPICIOUS_MOVE = YES;
				CLANG_WARN_UNGUARDED_AVAILABILITY = YES_AGGRESSIVE;
				CLANG_WARN_UNREACHABLE_CODE = YES;
				CLANG_WARN__DUPLICATE_METHOD_MATCH = YES;
				COPY_PHASE_STRIP = NO;
				DEBUG_INFORMATION_FORMAT = dwarf;
				ENABLE_STRICT_OBJC_MSGSEND = YES;
				ENABLE_TESTABILITY = YES;
				GCC_C_LANGUAGE_STANDARD = gnu11;
				GCC_DYNAMIC_NO_PIC = NO;
				GCC_NO_COMMON_BLOCKS = YES;
				GCC_OPTIMIZATION_LEVEL = 0;
				GCC_PREPROCESSOR_DEFINITIONS = (
					"DEBUG=1",
					"$(inherited)",
				);
				GCC_WARN_64_TO_32_BIT_CONVERSION = YES;
				GCC_WARN_ABOUT_RETURN_TYPE = YES_ERROR;
				GCC_WARN_UNDECLARED_SELECTOR = YES;
				GCC_WARN_UNINITIALIZED_AUTOS = YES_AGGRESSIVE;
				GCC_WARN_UNUSED_FUNCTION = YES;
				GCC_WARN_UNUSED_VARIABLE = YES;
				IPHONEOS_DEPLOYMENT_TARGET = 14.3;
				MTL_ENABLE_DEBUG_INFO = INCLUDE_SOURCE;
				MTL_FAST_MATH = YES;
				ONLY_ACTIVE_ARCH = YES;
				SDKROOT = iphoneos;
				SWIFT_ACTIVE_COMPILATION_CONDITIONS = DEBUG;
				SWIFT_OPTIMIZATION_LEVEL = "-Onone";
			};
			name = Debug;
		};
		E5961A71258B466E005BF1ED /* Release */ = {
			isa = XCBuildConfiguration;
			buildSettings = {
				ALWAYS_SEARCH_USER_PATHS = NO;
				CLANG_ANALYZER_NONNULL = YES;
				CLANG_ANALYZER_NUMBER_OBJECT_CONVERSION = YES_AGGRESSIVE;
				CLANG_CXX_LANGUAGE_STANDARD = "gnu++14";
				CLANG_CXX_LIBRARY = "libc++";
				CLANG_ENABLE_MODULES = YES;
				CLANG_ENABLE_OBJC_ARC = YES;
				CLANG_ENABLE_OBJC_WEAK = YES;
				CLANG_WARN_BLOCK_CAPTURE_AUTORELEASING = YES;
				CLANG_WARN_BOOL_CONVERSION = YES;
				CLANG_WARN_COMMA = YES;
				CLANG_WARN_CONSTANT_CONVERSION = YES;
				CLANG_WARN_DEPRECATED_OBJC_IMPLEMENTATIONS = YES;
				CLANG_WARN_DIRECT_OBJC_ISA_USAGE = YES_ERROR;
				CLANG_WARN_DOCUMENTATION_COMMENTS = YES;
				CLANG_WARN_EMPTY_BODY = YES;
				CLANG_WARN_ENUM_CONVERSION = YES;
				CLANG_WARN_INFINITE_RECURSION = YES;
				CLANG_WARN_INT_CONVERSION = YES;
				CLANG_WARN_NON_LITERAL_NULL_CONVERSION = YES;
				CLANG_WARN_OBJC_IMPLICIT_RETAIN_SELF = YES;
				CLANG_WARN_OBJC_LITERAL_CONVERSION = YES;
				CLANG_WARN_OBJC_ROOT_CLASS = YES_ERROR;
				CLANG_WARN_QUOTED_INCLUDE_IN_FRAMEWORK_HEADER = YES;
				CLANG_WARN_RANGE_LOOP_ANALYSIS = YES;
				CLANG_WARN_STRICT_PROTOTYPES = YES;
				CLANG_WARN_SUSPICIOUS_MOVE = YES;
				CLANG_WARN_UNGUARDED_AVAILABILITY = YES_AGGRESSIVE;
				CLANG_WARN_UNREACHABLE_CODE = YES;
				CLANG_WARN__DUPLICATE_METHOD_MATCH = YES;
				COPY_PHASE_STRIP = NO;
				DEBUG_INFORMATION_FORMAT = "dwarf-with-dsym";
				ENABLE_NS_ASSERTIONS = NO;
				ENABLE_STRICT_OBJC_MSGSEND = YES;
				GCC_C_LANGUAGE_STANDARD = gnu11;
				GCC_NO_COMMON_BLOCKS = YES;
				GCC_WARN_64_TO_32_BIT_CONVERSION = YES;
				GCC_WARN_ABOUT_RETURN_TYPE = YES_ERROR;
				GCC_WARN_UNDECLARED_SELECTOR = YES;
				GCC_WARN_UNINITIALIZED_AUTOS = YES_AGGRESSIVE;
				GCC_WARN_UNUSED_FUNCTION = YES;
				GCC_WARN_UNUSED_VARIABLE = YES;
				IPHONEOS_DEPLOYMENT_TARGET = 14.3;
				MTL_ENABLE_DEBUG_INFO = NO;
				MTL_FAST_MATH = YES;
				SDKROOT = iphoneos;
				SWIFT_COMPILATION_MODE = wholemodule;
				SWIFT_OPTIMIZATION_LEVEL = "-O";
				VALIDATE_PRODUCT = YES;
			};
			name = Release;
		};
		E5961A73258B466E005BF1ED /* Debug */ = {
			isa = XCBuildConfiguration;
			buildSettings = {
				ASSETCATALOG_COMPILER_APPICON_NAME = AppIcon;
				ASSETCATALOG_COMPILER_GLOBAL_ACCENT_COLOR_NAME = AccentColor;
				CODE_SIGN_STYLE = Automatic;
				DEVELOPMENT_ASSET_PATHS = "\"Appetizers/Preview Content\"";
				DEVELOPMENT_TEAM = MVGPSPVTNC;
				ENABLE_PREVIEWS = YES;
				INFOPLIST_FILE = Appetizers/Info.plist;
				IPHONEOS_DEPLOYMENT_TARGET = 14.0;
				LD_RUNPATH_SEARCH_PATHS = (
					"$(inherited)",
					"@executable_path/Frameworks",
				);
				PRODUCT_BUNDLE_IDENTIFIER = com.felix.Appetizers;
				PRODUCT_NAME = "$(TARGET_NAME)";
				SWIFT_VERSION = 5.0;
				TARGETED_DEVICE_FAMILY = "1,2";
			};
			name = Debug;
		};
		E5961A74258B466E005BF1ED /* Release */ = {
			isa = XCBuildConfiguration;
			buildSettings = {
				ASSETCATALOG_COMPILER_APPICON_NAME = AppIcon;
				ASSETCATALOG_COMPILER_GLOBAL_ACCENT_COLOR_NAME = AccentColor;
				CODE_SIGN_STYLE = Automatic;
				DEVELOPMENT_ASSET_PATHS = "\"Appetizers/Preview Content\"";
				DEVELOPMENT_TEAM = MVGPSPVTNC;
				ENABLE_PREVIEWS = YES;
				INFOPLIST_FILE = Appetizers/Info.plist;
				IPHONEOS_DEPLOYMENT_TARGET = 14.0;
				LD_RUNPATH_SEARCH_PATHS = (
					"$(inherited)",
					"@executable_path/Frameworks",
				);
				PRODUCT_BUNDLE_IDENTIFIER = com.felix.Appetizers;
				PRODUCT_NAME = "$(TARGET_NAME)";
				SWIFT_VERSION = 5.0;
				TARGETED_DEVICE_FAMILY = "1,2";
			};
			name = Release;
		};
/* End XCBuildConfiguration section */

/* Begin XCConfigurationList section */
		E5961A5E258B466D005BF1ED /* Build configuration list for PBXProject "Appetizers" */ = {
			isa = XCConfigurationList;
			buildConfigurations = (
				E5961A70258B466E005BF1ED /* Debug */,
				E5961A71258B466E005BF1ED /* Release */,
			);
			defaultConfigurationIsVisible = 0;
			defaultConfigurationName = Release;
		};
		E5961A72258B466E005BF1ED /* Build configuration list for PBXNativeTarget "Appetizers" */ = {
			isa = XCConfigurationList;
			buildConfigurations = (
				E5961A73258B466E005BF1ED /* Debug */,
				E5961A74258B466E005BF1ED /* Release */,
			);
			defaultConfigurationIsVisible = 0;
			defaultConfigurationName = Release;
		};
/* End XCConfigurationList section */
	};
	rootObject = E5961A5B258B466D005BF1ED /* Project object */;
}
